
Microsoft Visual Studio Solution File, Format Version 12.00
# Visual Studio Version 17
VisualStudioVersion = 17.10.35013.160
MinimumVisualStudioVersion = 10.0.40219.1
Project("{FAE04EC0-301F-11D3-BF4B-00C04F79EFBC}") = "FormPrincipal", "FormPrincipal\FormPrincipal.csproj", "{2C704F62-B71B-4C3D-86A0-4D5AC31A19AB}"
EndProject
Global
	GlobalSection(SolutionConfigurationPlatforms) = preSolution
		Debug|Any CPU = Debug|Any CPU
		Release|Any CPU = Release|Any CPU
	EndGlobalSection
	GlobalSection(ProjectConfigurationPlatforms) = postSolution
		{2C704F62-B71B-4C3D-86A0-4D5AC31A19AB}.Debug|Any CPU.ActiveCfg = Debug|Any CPU
		{2C704F62-B71B-4C3D-86A0-4D5AC31A19AB}.Debug|Any CPU.Build.0 = Debug|Any CPU
		{2C704F62-B71B-4C3D-86A0-4D5AC31A19AB}.Release|Any CPU.ActiveCfg = Release|Any CPU
		{2C704F62-B71B-4C3D-86A0-4D5AC31A19AB}.Release|Any CPU.Build.0 = Release|Any CPU
	EndGlobalSection
	GlobalSection(SolutionProperties) = preSolution
		HideSolutionNode = FALSE
	EndGlobalSection
	GlobalSection(ExtensibilityGlobals) = postSolution
		SolutionGuid = {5DE6F786-2B4D-4203-98C4-278678060D0F}
	EndGlobalSection
EndGlobal
